
Microsoft Visual Studio Solution File, Format Version 12.00
# Visual Studio Version 17
VisualStudioVersion = 17.9.34622.214
MinimumVisualStudioVersion = 10.0.40219.1
Project("{9A19103F-16F7-4668-BE54-9A1E7A4F7556}") = "WebDatLichKham", "DACS\WebDatLichKham.csproj", "{99BA8FDF-A136-4A9C-8202-9E1B67A81383}"
EndProject
Global
	GlobalSection(SolutionConfigurationPlatforms) = preSolution
		Debug|Any CPU = Debug|Any CPU
		Release|Any CPU = Release|Any CPU
	EndGlobalSection
	GlobalSection(ProjectConfigurationPlatforms) = postSolution
		{99BA8FDF-A136-4A9C-8202-9E1B67A81383}.Debug|Any CPU.ActiveCfg = Debug|Any CPU
		{99BA8FDF-A136-4A9C-8202-9E1B67A81383}.Debug|Any CPU.Build.0 = Debug|Any CPU
		{99BA8FDF-A136-4A9C-8202-9E1B67A81383}.Release|Any CPU.ActiveCfg = Release|Any CPU
		{99BA8FDF-A136-4A9C-8202-9E1B67A81383}.Release|Any CPU.Build.0 = Release|Any CPU
	EndGlobalSection
	GlobalSection(SolutionProperties) = preSolution
		HideSolutionNode = FALSE
	EndGlobalSection
	GlobalSection(ExtensibilityGlobals) = postSolution
		SolutionGuid = {27DB1000-8A92-4993-9179-40677BC6B63A}
	EndGlobalSection
EndGlobal
